
Microsoft Visual Studio Solution File, Format Version 12.00
# Visual Studio Version 17
VisualStudioVersion = 17.4.33213.308
MinimumVisualStudioVersion = 10.0.40219.1
Project("{8BC9CEB8-8B4A-11D0-8D11-00A0C91BC942}") = "diy", "diy.vcxproj", "{64CB99F5-CCA5-44C4-8229-315B8874F0F1}"
EndProject
Global
	GlobalSection(SolutionConfigurationPlatforms) = preSolution
		Debug|x64 = Debug|x64
		Debug|x86 = Debug|x86
		Release|x64 = Release|x64
		Release|x86 = Release|x86
	EndGlobalSection
	GlobalSection(ProjectConfigurationPlatforms) = postSolution
		{64CB99F5-CCA5-44C4-8229-315B8874F0F1}.Debug|x64.ActiveCfg = Debug|x64
		{64CB99F5-CCA5-44C4-8229-315B8874F0F1}.Debug|x64.Build.0 = Debug|x64
		{64CB99F5-CCA5-44C4-8229-315B8874F0F1}.Debug|x86.ActiveCfg = Debug|Win32
		{64CB99F5-CCA5-44C4-8229-315B8874F0F1}.Debug|x86.Build.0 = Debug|Win32
		{64CB99F5-CCA5-44C4-8229-315B8874F0F1}.Release|x64.ActiveCfg = Release|x64
		{64CB99F5-CCA5-44C4-8229-315B8874F0F1}.Release|x64.Build.0 = Release|x64
		{64CB99F5-CCA5-44C4-8229-315B8874F0F1}.Release|x86.ActiveCfg = Release|Win32
		{64CB99F5-CCA5-44C4-8229-315B8874F0F1}.Release|x86.Build.0 = Release|Win32
	EndGlobalSection
	GlobalSection(SolutionProperties) = preSolution
		HideSolutionNode = FALSE
	EndGlobalSection
	GlobalSection(ExtensibilityGlobals) = postSolution
		SolutionGuid = {F30861A6-E0C6-487F-87BC-9D50252D0ED4}
	EndGlobalSection
EndGlobal
